
Microsoft Visual Studio Solution File, Format Version 12.00
# Visual Studio Version 17
VisualStudioVersion = 17.1.32328.378
MinimumVisualStudioVersion = 10.0.40219.1
Project("{FAE04EC0-301F-11D3-BF4B-00C04F79EFBC}") = "BetaalSysteem", "BetaalSysteem\BetaalSysteem.csproj", "{2DBAA70D-7833-4763-B61F-AB8109F139C8}"
EndProject
Global
	GlobalSection(SolutionConfigurationPlatforms) = preSolution
		Debug|Any CPU = Debug|Any CPU
		Release|Any CPU = Release|Any CPU
	EndGlobalSection
	GlobalSection(ProjectConfigurationPlatforms) = postSolution
		{2DBAA70D-7833-4763-B61F-AB8109F139C8}.Debug|Any CPU.ActiveCfg = Debug|Any CPU
		{2DBAA70D-7833-4763-B61F-AB8109F139C8}.Debug|Any CPU.Build.0 = Debug|Any CPU
		{2DBAA70D-7833-4763-B61F-AB8109F139C8}.Release|Any CPU.ActiveCfg = Release|Any CPU
		{2DBAA70D-7833-4763-B61F-AB8109F139C8}.Release|Any CPU.Build.0 = Release|Any CPU
	EndGlobalSection
	GlobalSection(SolutionProperties) = preSolution
		HideSolutionNode = FALSE
	EndGlobalSection
	GlobalSection(ExtensibilityGlobals) = postSolution
		SolutionGuid = {F2BD5764-6202-4A34-81C6-B07C1B5C1726}
	EndGlobalSection
EndGlobal
